
Microsoft Visual Studio Solution File, Format Version 12.00
# Visual Studio 2013
VisualStudioVersion = 12.0.30723.0
MinimumVisualStudioVersion = 10.0.40219.1
Project("{FAE04EC0-301F-11D3-BF4B-00C04F79EFBC}") = "SuperbEdit", "SuperbEdit\SuperbEdit.csproj", "{D639B85B-13BA-4A1D-89FA-939938CE071B}"
	ProjectSection(ProjectDependencies) = postProject
		{171B9C34-0D04-4371-A129-EB3E7AAF245C} = {171B9C34-0D04-4371-A129-EB3E7AAF245C}
	EndProjectSection
EndProject
Project("{FAE04EC0-301F-11D3-BF4B-00C04F79EFBC}") = "SuperbEdit.Base", "SuperbEdit.Base\SuperbEdit.Base.csproj", "{072112B6-0D71-4A38-B920-7C7105829B7C}"
EndProject
Project("{FAE04EC0-301F-11D3-BF4B-00C04F79EFBC}") = "SuperbEdit.TextEditor", "SuperbEdit.TextEditor\SuperbEdit.TextEditor.csproj", "{171B9C34-0D04-4371-A129-EB3E7AAF245C}"
EndProject
Project("{2150E333-8FDC-42A3-9474-1A3956D46DE8}") = "Default Pacakges", "Default Pacakges", "{B5CB92F8-5D7E-4ACD-A182-0058F8E27F74}"
EndProject
Project("{FAE04EC0-301F-11D3-BF4B-00C04F79EFBC}") = "DummyModule", "DummyModule\DummyModule.csproj", "{69CF859D-5406-473B-B2B2-C87E175CDFEF}"
EndProject
Project("{FAE04EC0-301F-11D3-BF4B-00C04F79EFBC}") = "SuperbEdit.FolderTab", "SuperbEdit.FolderTab\SuperbEdit.FolderTab.csproj", "{2BA3BCF7-F571-4165-B840-42D374B32738}"
EndProject
Global
	GlobalSection(SolutionConfigurationPlatforms) = preSolution
		Debug|Any CPU = Debug|Any CPU
		Release|Any CPU = Release|Any CPU
	EndGlobalSection
	GlobalSection(ProjectConfigurationPlatforms) = postSolution
		{D639B85B-13BA-4A1D-89FA-939938CE071B}.Debug|Any CPU.ActiveCfg = Debug|Any CPU
		{D639B85B-13BA-4A1D-89FA-939938CE071B}.Debug|Any CPU.Build.0 = Debug|Any CPU
		{D639B85B-13BA-4A1D-89FA-939938CE071B}.Release|Any CPU.ActiveCfg = Release|Any CPU
		{D639B85B-13BA-4A1D-89FA-939938CE071B}.Release|Any CPU.Build.0 = Release|Any CPU
		{072112B6-0D71-4A38-B920-7C7105829B7C}.Debug|Any CPU.ActiveCfg = Debug|Any CPU
		{072112B6-0D71-4A38-B920-7C7105829B7C}.Debug|Any CPU.Build.0 = Debug|Any CPU
		{072112B6-0D71-4A38-B920-7C7105829B7C}.Release|Any CPU.ActiveCfg = Release|Any CPU
		{072112B6-0D71-4A38-B920-7C7105829B7C}.Release|Any CPU.Build.0 = Release|Any CPU
		{171B9C34-0D04-4371-A129-EB3E7AAF245C}.Debug|Any CPU.ActiveCfg = Debug|Any CPU
		{171B9C34-0D04-4371-A129-EB3E7AAF245C}.Debug|Any CPU.Build.0 = Debug|Any CPU
		{171B9C34-0D04-4371-A129-EB3E7AAF245C}.Release|Any CPU.ActiveCfg = Release|Any CPU
		{171B9C34-0D04-4371-A129-EB3E7AAF245C}.Release|Any CPU.Build.0 = Release|Any CPU
		{69CF859D-5406-473B-B2B2-C87E175CDFEF}.Debug|Any CPU.ActiveCfg = Debug|Any CPU
		{69CF859D-5406-473B-B2B2-C87E175CDFEF}.Debug|Any CPU.Build.0 = Debug|Any CPU
		{69CF859D-5406-473B-B2B2-C87E175CDFEF}.Release|Any CPU.ActiveCfg = Release|Any CPU
		{69CF859D-5406-473B-B2B2-C87E175CDFEF}.Release|Any CPU.Build.0 = Release|Any CPU
		{2BA3BCF7-F571-4165-B840-42D374B32738}.Debug|Any CPU.ActiveCfg = Debug|Any CPU
		{2BA3BCF7-F571-4165-B840-42D374B32738}.Debug|Any CPU.Build.0 = Debug|Any CPU
		{2BA3BCF7-F571-4165-B840-42D374B32738}.Release|Any CPU.ActiveCfg = Release|Any CPU
		{2BA3BCF7-F571-4165-B840-42D374B32738}.Release|Any CPU.Build.0 = Release|Any CPU
	EndGlobalSection
	GlobalSection(SolutionProperties) = preSolution
		HideSolutionNode = FALSE
	EndGlobalSection
	GlobalSection(NestedProjects) = preSolution
		{171B9C34-0D04-4371-A129-EB3E7AAF245C} = {B5CB92F8-5D7E-4ACD-A182-0058F8E27F74}
		{69CF859D-5406-473B-B2B2-C87E175CDFEF} = {B5CB92F8-5D7E-4ACD-A182-0058F8E27F74}
		{2BA3BCF7-F571-4165-B840-42D374B32738} = {B5CB92F8-5D7E-4ACD-A182-0058F8E27F74}
	EndGlobalSection
EndGlobal
