
Microsoft Visual Studio Solution File, Format Version 12.00
# Visual Studio 2013
VisualStudioVersion = 12.0.30915.1
MinimumVisualStudioVersion = 10.0.40219.1
Project("{FAE04EC0-301F-11D3-BF4B-00C04F79EFBC}") = "SuperbEdit", "SuperbEdit\SuperbEdit.csproj", "{D639B85B-13BA-4A1D-89FA-939938CE071B}"
	ProjectSection(ProjectDependencies) = postProject
		{171B9C34-0D04-4371-A129-EB3E7AAF245C} = {171B9C34-0D04-4371-A129-EB3E7AAF245C}
		{0BAA4F49-D9A5-42F4-B0FC-F524195652BC} = {0BAA4F49-D9A5-42F4-B0FC-F524195652BC}
		{2BA3BCF7-F571-4165-B840-42D374B32738} = {2BA3BCF7-F571-4165-B840-42D374B32738}
	EndProjectSection
EndProject
Project("{FAE04EC0-301F-11D3-BF4B-00C04F79EFBC}") = "SuperbEdit.Base", "SuperbEdit.Base\SuperbEdit.Base.csproj", "{072112B6-0D71-4A38-B920-7C7105829B7C}"
EndProject
Project("{FAE04EC0-301F-11D3-BF4B-00C04F79EFBC}") = "SuperbEdit.TextEditor", "SuperbEdit.TextEditor\SuperbEdit.TextEditor.csproj", "{171B9C34-0D04-4371-A129-EB3E7AAF245C}"
EndProject
Project("{2150E333-8FDC-42A3-9474-1A3956D46DE8}") = "Default Pacakges", "Default Pacakges", "{B5CB92F8-5D7E-4ACD-A182-0058F8E27F74}"
EndProject
Project("{FAE04EC0-301F-11D3-BF4B-00C04F79EFBC}") = "DummyModule", "DummyModule\DummyModule.csproj", "{69CF859D-5406-473B-B2B2-C87E175CDFEF}"
EndProject
Project("{FAE04EC0-301F-11D3-BF4B-00C04F79EFBC}") = "SuperbEdit.FolderPanel", "SuperbEdit.FolderPanel\SuperbEdit.FolderPanel.csproj", "{2BA3BCF7-F571-4165-B840-42D374B32738}"
EndProject
Project("{2150E333-8FDC-42A3-9474-1A3956D46DE8}") = "Common", "Common", "{594AFE82-3EAD-4706-9F6A-02F8671C7084}"
EndProject
Project("{FAE04EC0-301F-11D3-BF4B-00C04F79EFBC}") = "SkinLoader", "SkinLoaderAdapter\SkinLoader.csproj", "{1F530349-3F69-4ECA-9189-0255C30F2E6E}"
EndProject
Project("{FAE04EC0-301F-11D3-BF4B-00C04F79EFBC}") = "SuperbEdit.Shell", "SuperbEdit.Shell\SuperbEdit.Shell.csproj", "{0BAA4F49-D9A5-42F4-B0FC-F524195652BC}"
EndProject
Global
	GlobalSection(SolutionConfigurationPlatforms) = preSolution
		Debug|Any CPU = Debug|Any CPU
		Release|Any CPU = Release|Any CPU
		Release-Portable|Any CPU = Release-Portable|Any CPU
	EndGlobalSection
	GlobalSection(ProjectConfigurationPlatforms) = postSolution
		{D639B85B-13BA-4A1D-89FA-939938CE071B}.Debug|Any CPU.ActiveCfg = Debug|Any CPU
		{D639B85B-13BA-4A1D-89FA-939938CE071B}.Debug|Any CPU.Build.0 = Debug|Any CPU
		{D639B85B-13BA-4A1D-89FA-939938CE071B}.Release|Any CPU.ActiveCfg = Release|Any CPU
		{D639B85B-13BA-4A1D-89FA-939938CE071B}.Release|Any CPU.Build.0 = Release|Any CPU
		{D639B85B-13BA-4A1D-89FA-939938CE071B}.Release-Portable|Any CPU.ActiveCfg = Release-Portable|Any CPU
		{D639B85B-13BA-4A1D-89FA-939938CE071B}.Release-Portable|Any CPU.Build.0 = Release-Portable|Any CPU
		{072112B6-0D71-4A38-B920-7C7105829B7C}.Debug|Any CPU.ActiveCfg = Debug|Any CPU
		{072112B6-0D71-4A38-B920-7C7105829B7C}.Debug|Any CPU.Build.0 = Debug|Any CPU
		{072112B6-0D71-4A38-B920-7C7105829B7C}.Release|Any CPU.ActiveCfg = Release|Any CPU
		{072112B6-0D71-4A38-B920-7C7105829B7C}.Release|Any CPU.Build.0 = Release|Any CPU
		{072112B6-0D71-4A38-B920-7C7105829B7C}.Release-Portable|Any CPU.ActiveCfg = Release|Any CPU
		{072112B6-0D71-4A38-B920-7C7105829B7C}.Release-Portable|Any CPU.Build.0 = Release|Any CPU
		{171B9C34-0D04-4371-A129-EB3E7AAF245C}.Debug|Any CPU.ActiveCfg = Debug|Any CPU
		{171B9C34-0D04-4371-A129-EB3E7AAF245C}.Debug|Any CPU.Build.0 = Debug|Any CPU
		{171B9C34-0D04-4371-A129-EB3E7AAF245C}.Release|Any CPU.ActiveCfg = Release|Any CPU
		{171B9C34-0D04-4371-A129-EB3E7AAF245C}.Release|Any CPU.Build.0 = Release|Any CPU
		{171B9C34-0D04-4371-A129-EB3E7AAF245C}.Release-Portable|Any CPU.ActiveCfg = Release|Any CPU
		{171B9C34-0D04-4371-A129-EB3E7AAF245C}.Release-Portable|Any CPU.Build.0 = Release|Any CPU
		{69CF859D-5406-473B-B2B2-C87E175CDFEF}.Debug|Any CPU.ActiveCfg = Debug|Any CPU
		{69CF859D-5406-473B-B2B2-C87E175CDFEF}.Debug|Any CPU.Build.0 = Debug|Any CPU
		{69CF859D-5406-473B-B2B2-C87E175CDFEF}.Release|Any CPU.ActiveCfg = Release|Any CPU
		{69CF859D-5406-473B-B2B2-C87E175CDFEF}.Release|Any CPU.Build.0 = Release|Any CPU
		{69CF859D-5406-473B-B2B2-C87E175CDFEF}.Release-Portable|Any CPU.ActiveCfg = Release|Any CPU
		{69CF859D-5406-473B-B2B2-C87E175CDFEF}.Release-Portable|Any CPU.Build.0 = Release|Any CPU
		{2BA3BCF7-F571-4165-B840-42D374B32738}.Debug|Any CPU.ActiveCfg = Debug|Any CPU
		{2BA3BCF7-F571-4165-B840-42D374B32738}.Debug|Any CPU.Build.0 = Debug|Any CPU
		{2BA3BCF7-F571-4165-B840-42D374B32738}.Release|Any CPU.ActiveCfg = Release|Any CPU
		{2BA3BCF7-F571-4165-B840-42D374B32738}.Release|Any CPU.Build.0 = Release|Any CPU
		{2BA3BCF7-F571-4165-B840-42D374B32738}.Release-Portable|Any CPU.ActiveCfg = Release|Any CPU
		{2BA3BCF7-F571-4165-B840-42D374B32738}.Release-Portable|Any CPU.Build.0 = Release|Any CPU
		{1F530349-3F69-4ECA-9189-0255C30F2E6E}.Debug|Any CPU.ActiveCfg = Debug|Any CPU
		{1F530349-3F69-4ECA-9189-0255C30F2E6E}.Debug|Any CPU.Build.0 = Debug|Any CPU
		{1F530349-3F69-4ECA-9189-0255C30F2E6E}.Release|Any CPU.ActiveCfg = Release|Any CPU
		{1F530349-3F69-4ECA-9189-0255C30F2E6E}.Release|Any CPU.Build.0 = Release|Any CPU
		{1F530349-3F69-4ECA-9189-0255C30F2E6E}.Release-Portable|Any CPU.ActiveCfg = Release|Any CPU
		{1F530349-3F69-4ECA-9189-0255C30F2E6E}.Release-Portable|Any CPU.Build.0 = Release|Any CPU
		{0BAA4F49-D9A5-42F4-B0FC-F524195652BC}.Debug|Any CPU.ActiveCfg = Debug|Any CPU
		{0BAA4F49-D9A5-42F4-B0FC-F524195652BC}.Debug|Any CPU.Build.0 = Debug|Any CPU
		{0BAA4F49-D9A5-42F4-B0FC-F524195652BC}.Release|Any CPU.ActiveCfg = Release|Any CPU
		{0BAA4F49-D9A5-42F4-B0FC-F524195652BC}.Release|Any CPU.Build.0 = Release|Any CPU
		{0BAA4F49-D9A5-42F4-B0FC-F524195652BC}.Release-Portable|Any CPU.ActiveCfg = Release|Any CPU
		{0BAA4F49-D9A5-42F4-B0FC-F524195652BC}.Release-Portable|Any CPU.Build.0 = Release|Any CPU
	EndGlobalSection
	GlobalSection(SolutionProperties) = preSolution
		HideSolutionNode = FALSE
	EndGlobalSection
	GlobalSection(NestedProjects) = preSolution
		{072112B6-0D71-4A38-B920-7C7105829B7C} = {594AFE82-3EAD-4706-9F6A-02F8671C7084}
		{171B9C34-0D04-4371-A129-EB3E7AAF245C} = {B5CB92F8-5D7E-4ACD-A182-0058F8E27F74}
		{69CF859D-5406-473B-B2B2-C87E175CDFEF} = {B5CB92F8-5D7E-4ACD-A182-0058F8E27F74}
		{2BA3BCF7-F571-4165-B840-42D374B32738} = {B5CB92F8-5D7E-4ACD-A182-0058F8E27F74}
		{1F530349-3F69-4ECA-9189-0255C30F2E6E} = {594AFE82-3EAD-4706-9F6A-02F8671C7084}
		{0BAA4F49-D9A5-42F4-B0FC-F524195652BC} = {B5CB92F8-5D7E-4ACD-A182-0058F8E27F74}
	EndGlobalSection
EndGlobal
